// !$*UTF8*$!
{
	archiveVersion = 1;
	classes = {
	};
	objectVersion = 46;
	objects = {

/* Begin PBXBuildFile section */
		AC0DFE701C92312B00AA6873 /* AppDelegate.swift in Sources */ = {isa = PBXBuildFile; fileRef = AC0DFE6F1C92312B00AA6873 /* AppDelegate.swift */; };
		AC0DFE721C92312B00AA6873 /* ViewController.swift in Sources */ = {isa = PBXBuildFile; fileRef = AC0DFE711C92312B00AA6873 /* ViewController.swift */; };
		AC0DFE751C92312B00AA6873 /* Main.storyboard in Resources */ = {isa = PBXBuildFile; fileRef = AC0DFE731C92312B00AA6873 /* Main.storyboard */; };
		AC0DFE771C92312B00AA6873 /* Assets.xcassets in Resources */ = {isa = PBXBuildFile; fileRef = AC0DFE761C92312B00AA6873 /* Assets.xcassets */; };
		AC0DFE7A1C92312B00AA6873 /* LaunchScreen.storyboard in Resources */ = {isa = PBXBuildFile; fileRef = AC0DFE781C92312B00AA6873 /* LaunchScreen.storyboard */; };
		AC0DFE851C92312B00AA6873 /* SonicTests.swift in Sources */ = {isa = PBXBuildFile; fileRef = AC0DFE841C92312B00AA6873 /* SonicTests.swift */; };
		AC0DFE901C92312B00AA6873 /* SonicUITests.swift in Sources */ = {isa = PBXBuildFile; fileRef = AC0DFE8F1C92312B00AA6873 /* SonicUITests.swift */; };
/* End PBXBuildFile section */

/* Begin PBXContainerItemProxy section */
		AC0DFE811C92312B00AA6873 /* PBXContainerItemProxy */ = {
			isa = PBXContainerItemProxy;
			containerPortal = AC0DFE641C92312A00AA6873 /* Project object */;
			proxyType = 1;
			remoteGlobalIDString = AC0DFE6B1C92312B00AA6873;
			remoteInfo = Sonic;
		};
		AC0DFE8C1C92312B00AA6873 /* PBXContainerItemProxy */ = {
			isa = PBXContainerItemProxy;
			containerPortal = AC0DFE641C92312A00AA6873 /* Project object */;
			proxyType = 1;
			remoteGlobalIDString = AC0DFE6B1C92312B00AA6873;
			remoteInfo = Sonic;
		};
/* End PBXContainerItemProxy section */

/* Begin PBXFileReference section */
		AC0DFE6C1C92312B00AA6873 /* Sonic.app */ = {isa = PBXFileReference; explicitFileType = wrapper.application; includeInIndex = 0; path = Sonic.app; sourceTree = BUILT_PRODUCTS_DIR; };
		AC0DFE6F1C92312B00AA6873 /* AppDelegate.swift */ = {isa = PBXFileReference; lastKnownFileType = sourcecode.swift; path = AppDelegate.swift; sourceTree = "<group>"; };
		AC0DFE711C92312B00AA6873 /* ViewController.swift */ = {isa = PBXFileReference; lastKnownFileType = sourcecode.swift; path = ViewController.swift; sourceTree = "<group>"; };
		AC0DFE741C92312B00AA6873 /* Base */ = {isa = PBXFileReference; lastKnownFileType = file.storyboard; name = Base; path = Base.lproj/Main.storyboard; sourceTree = "<group>"; };
		AC0DFE761C92312B00AA6873 /* Assets.xcassets */ = {isa = PBXFileReference; lastKnownFileType = folder.assetcatalog; path = Assets.xcassets; sourceTree = "<group>"; };
		AC0DFE791C92312B00AA6873 /* Base */ = {isa = PBXFileReference; lastKnownFileType = file.storyboard; name = Base; path = Base.lproj/LaunchScreen.storyboard; sourceTree = "<group>"; };
		AC0DFE7B1C92312B00AA6873 /* Info.plist */ = {isa = PBXFileReference; lastKnownFileType = text.plist.xml; path = Info.plist; sourceTree = "<group>"; };
		AC0DFE801C92312B00AA6873 /* SonicTests.xctest */ = {isa = PBXFileReference; explicitFileType = wrapper.cfbundle; includeInIndex = 0; path = SonicTests.xctest; sourceTree = BUILT_PRODUCTS_DIR; };
		AC0DFE841C92312B00AA6873 /* SonicTests.swift */ = {isa = PBXFileReference; lastKnownFileType = sourcecode.swift; path = SonicTests.swift; sourceTree = "<group>"; };
		AC0DFE861C92312B00AA6873 /* Info.plist */ = {isa = PBXFileReference; lastKnownFileType = text.plist.xml; path = Info.plist; sourceTree = "<group>"; };
		AC0DFE8B1C92312B00AA6873 /* SonicUITests.xctest */ = {isa = PBXFileReference; explicitFileType = wrapper.cfbundle; includeInIndex = 0; path = SonicUITests.xctest; sourceTree = BUILT_PRODUCTS_DIR; };
		AC0DFE8F1C92312B00AA6873 /* SonicUITests.swift */ = {isa = PBXFileReference; lastKnownFileType = sourcecode.swift; path = SonicUITests.swift; sourceTree = "<group>"; };
		AC0DFE911C92312B00AA6873 /* Info.plist */ = {isa = PBXFileReference; lastKnownFileType = text.plist.xml; path = Info.plist; sourceTree = "<group>"; };
/* End PBXFileReference section */

/* Begin PBXFrameworksBuildPhase section */
		AC0DFE691C92312B00AA6873 /* Frameworks */ = {
			isa = PBXFrameworksBuildPhase;
			buildActionMask = 2147483647;
			files = (
			);
			runOnlyForDeploymentPostprocessing = 0;
		};
		AC0DFE7D1C92312B00AA6873 /* Frameworks */ = {
			isa = PBXFrameworksBuildPhase;
			buildActionMask = 2147483647;
			files = (
			);
			runOnlyForDeploymentPostprocessing = 0;
		};
		AC0DFE881C92312B00AA6873 /* Frameworks */ = {
			isa = PBXFrameworksBuildPhase;
			buildActionMask = 2147483647;
			files = (
			);
			runOnlyForDeploymentPostprocessing = 0;
		};
/* End PBXFrameworksBuildPhase section */

/* Begin PBXGroup section */
		AC0DFE631C92312A00AA6873 = {
			isa = PBXGroup;
			children = (
				AC0DFE6E1C92312B00AA6873 /* Sonic */,
				AC0DFE831C92312B00AA6873 /* SonicTests */,
				AC0DFE8E1C92312B00AA6873 /* SonicUITests */,
				AC0DFE6D1C92312B00AA6873 /* Products */,
			);
			sourceTree = "<group>";
		};
		AC0DFE6D1C92312B00AA6873 /* Products */ = {
			isa = PBXGroup;
			children = (
				AC0DFE6C1C92312B00AA6873 /* Sonic.app */,
				AC0DFE801C92312B00AA6873 /* SonicTests.xctest */,
				AC0DFE8B1C92312B00AA6873 /* SonicUITests.xctest */,
			);
			name = Products;
			sourceTree = "<group>";
		};
		AC0DFE6E1C92312B00AA6873 /* Sonic */ = {
			isa = PBXGroup;
			children = (
				AC0DFE6F1C92312B00AA6873 /* AppDelegate.swift */,
				AC0DFE711C92312B00AA6873 /* ViewController.swift */,
				AC0DFE731C92312B00AA6873 /* Main.storyboard */,
				AC0DFE761C92312B00AA6873 /* Assets.xcassets */,
				AC0DFE781C92312B00AA6873 /* LaunchScreen.storyboard */,
				AC0DFE7B1C92312B00AA6873 /* Info.plist */,
			);
			path = Sonic;
			sourceTree = "<group>";
		};
		AC0DFE831C92312B00AA6873 /* SonicTests */ = {
			isa = PBXGroup;
			children = (
				AC0DFE841C92312B00AA6873 /* SonicTests.swift */,
				AC0DFE861C92312B00AA6873 /* Info.plist */,
			);
			path = SonicTests;
			sourceTree = "<group>";
		};
		AC0DFE8E1C92312B00AA6873 /* SonicUITests */ = {
			isa = PBXGroup;
			children = (
				AC0DFE8F1C92312B00AA6873 /* SonicUITests.swift */,
				AC0DFE911C92312B00AA6873 /* Info.plist */,
			);
			path = SonicUITests;
			sourceTree = "<group>";
		};
/* End PBXGroup section */

/* Begin PBXNativeTarget section */
		AC0DFE6B1C92312B00AA6873 /* Sonic */ = {
			isa = PBXNativeTarget;
			buildConfigurationList = AC0DFE941C92312B00AA6873 /* Build configuration list for PBXNativeTarget "Sonic" */;
			buildPhases = (
				AC0DFE681C92312B00AA6873 /* Sources */,
				AC0DFE691C92312B00AA6873 /* Frameworks */,
				AC0DFE6A1C92312B00AA6873 /* Resources */,
			);
			buildRules = (
			);
			dependencies = (
			);
			name = Sonic;
			productName = Sonic;
			productReference = AC0DFE6C1C92312B00AA6873 /* Sonic.app */;
			productType = "com.apple.product-type.application";
		};
		AC0DFE7F1C92312B00AA6873 /* SonicTests */ = {
			isa = PBXNativeTarget;
			buildConfigurationList = AC0DFE971C92312B00AA6873 /* Build configuration list for PBXNativeTarget "SonicTests" */;
			buildPhases = (
				AC0DFE7C1C92312B00AA6873 /* Sources */,
				AC0DFE7D1C92312B00AA6873 /* Frameworks */,
				AC0DFE7E1C92312B00AA6873 /* Resources */,
			);
			buildRules = (
			);
			dependencies = (
				AC0DFE821C92312B00AA6873 /* PBXTargetDependency */,
			);
			name = SonicTests;
			productName = SonicTests;
			productReference = AC0DFE801C92312B00AA6873 /* SonicTests.xctest */;
			productType = "com.apple.product-type.bundle.unit-test";
		};
		AC0DFE8A1C92312B00AA6873 /* SonicUITests */ = {
			isa = PBXNativeTarget;
			buildConfigurationList = AC0DFE9A1C92312B00AA6873 /* Build configuration list for PBXNativeTarget "SonicUITests" */;
			buildPhases = (
				AC0DFE871C92312B00AA6873 /* Sources */,
				AC0DFE881C92312B00AA6873 /* Frameworks */,
				AC0DFE891C92312B00AA6873 /* Resources */,
			);
			buildRules = (
			);
			dependencies = (
				AC0DFE8D1C92312B00AA6873 /* PBXTargetDependency */,
			);
			name = SonicUITests;
			productName = SonicUITests;
			productReference = AC0DFE8B1C92312B00AA6873 /* SonicUITests.xctest */;
			productType = "com.apple.product-type.bundle.ui-testing";
		};
/* End PBXNativeTarget section */

/* Begin PBXProject section */
		AC0DFE641C92312A00AA6873 /* Project object */ = {
			isa = PBXProject;
			attributes = {
				LastSwiftUpdateCheck = 0720;
				LastUpgradeCheck = 0720;
				ORGANIZATIONNAME = "Thiago Nogueira";
				TargetAttributes = {
					AC0DFE6B1C92312B00AA6873 = {
						CreatedOnToolsVersion = 7.2;
					};
					AC0DFE7F1C92312B00AA6873 = {
						CreatedOnToolsVersion = 7.2;
						TestTargetID = AC0DFE6B1C92312B00AA6873;
					};
					AC0DFE8A1C92312B00AA6873 = {
						CreatedOnToolsVersion = 7.2;
						TestTargetID = AC0DFE6B1C92312B00AA6873;
					};
				};
			};
			buildConfigurationList = AC0DFE671C92312A00AA6873 /* Build configuration list for PBXProject "Sonic" */;
			compatibilityVersion = "Xcode 3.2";
			developmentRegion = English;
			hasScannedForEncodings = 0;
			knownRegions = (
				en,
				Base,
			);
			mainGroup = AC0DFE631C92312A00AA6873;
			productRefGroup = AC0DFE6D1C92312B00AA6873 /* Products */;
			projectDirPath = "";
			projectRoot = "";
			targets = (
				AC0DFE6B1C92312B00AA6873 /* Sonic */,
				AC0DFE7F1C92312B00AA6873 /* SonicTests */,
				AC0DFE8A1C92312B00AA6873 /* SonicUITests */,
			);
		};
/* End PBXProject section */

/* Begin PBXResourcesBuildPhase section */
		AC0DFE6A1C92312B00AA6873 /* Resources */ = {
			isa = PBXResourcesBuildPhase;
			buildActionMask = 2147483647;
			files = (
				AC0DFE7A1C92312B00AA6873 /* LaunchScreen.storyboard in Resources */,
				AC0DFE771C92312B00AA6873 /* Assets.xcassets in Resources */,
				AC0DFE751C92312B00AA6873 /* Main.storyboard in Resources */,
			);
			runOnlyForDeploymentPostprocessing = 0;
		};
		AC0DFE7E1C92312B00AA6873 /* Resources */ = {
			isa = PBXResourcesBuildPhase;
			buildActionMask = 2147483647;
			files = (
			);
			runOnlyForDeploymentPostprocessing = 0;
		};
		AC0DFE891C92312B00AA6873 /* Resources */ = {
			isa = PBXResourcesBuildPhase;
			buildActionMask = 2147483647;
			files = (
			);
			runOnlyForDeploymentPostprocessing = 0;
		};
/* End PBXResourcesBuildPhase section */

/* Begin PBXSourcesBuildPhase section */
		AC0DFE681C92312B00AA6873 /* Sources */ = {
			isa = PBXSourcesBuildPhase;
			buildActionMask = 2147483647;
			files = (
				AC0DFE721C92312B00AA6873 /* ViewController.swift in Sources */,
				AC0DFE701C92312B00AA6873 /* AppDelegate.swift in Sources */,
			);
			runOnlyForDeploymentPostprocessing = 0;
		};
		AC0DFE7C1C92312B00AA6873 /* Sources */ = {
			isa = PBXSourcesBuildPhase;
			buildActionMask = 2147483647;
			files = (
				AC0DFE851C92312B00AA6873 /* SonicTests.swift in Sources */,
			);
			runOnlyForDeploymentPostprocessing = 0;
		};
		AC0DFE871C92312B00AA6873 /* Sources */ = {
			isa = PBXSourcesBuildPhase;
			buildActionMask = 2147483647;
			files = (
				AC0DFE901C92312B00AA6873 /* SonicUITests.swift in Sources */,
			);
			runOnlyForDeploymentPostprocessing = 0;
		};
/* End PBXSourcesBuildPhase section */

/* Begin PBXTargetDependency section */
		AC0DFE821C92312B00AA6873 /* PBXTargetDependency */ = {
			isa = PBXTargetDependency;
			target = AC0DFE6B1C92312B00AA6873 /* Sonic */;
			targetProxy = AC0DFE811C92312B00AA6873 /* PBXContainerItemProxy */;
		};
		AC0DFE8D1C92312B00AA6873 /* PBXTargetDependency */ = {
			isa = PBXTargetDependency;
			target = AC0DFE6B1C92312B00AA6873 /* Sonic */;
			targetProxy = AC0DFE8C1C92312B00AA6873 /* PBXContainerItemProxy */;
		};
/* End PBXTargetDependency section */

/* Begin PBXVariantGroup section */
		AC0DFE731C92312B00AA6873 /* Main.storyboard */ = {
			isa = PBXVariantGroup;
			children = (
				AC0DFE741C92312B00AA6873 /* Base */,
			);
			name = Main.storyboard;
			sourceTree = "<group>";
		};
		AC0DFE781C92312B00AA6873 /* LaunchScreen.storyboard */ = {
			isa = PBXVariantGroup;
			children = (
				AC0DFE791C92312B00AA6873 /* Base */,
			);
			name = LaunchScreen.storyboard;
			sourceTree = "<group>";
		};
/* End PBXVariantGroup section */

/* Begin XCBuildConfiguration section */
		AC0DFE921C92312B00AA6873 /* Debug */ = {
			isa = XCBuildConfiguration;
			buildSettings = {
				ALWAYS_SEARCH_USER_PATHS = NO;
				CLANG_CXX_LANGUAGE_STANDARD = "gnu++0x";
				CLANG_CXX_LIBRARY = "libc++";
				CLANG_ENABLE_MODULES = YES;
				CLANG_ENABLE_OBJC_ARC = YES;
				CLANG_WARN_BOOL_CONVERSION = YES;
				CLANG_WARN_CONSTANT_CONVERSION = YES;
				CLANG_WARN_DIRECT_OBJC_ISA_USAGE = YES_ERROR;
				CLANG_WARN_EMPTY_BODY = YES;
				CLANG_WARN_ENUM_CONVERSION = YES;
				CLANG_WARN_INT_CONVERSION = YES;
				CLANG_WARN_OBJC_ROOT_CLASS = YES_ERROR;
				CLANG_WARN_UNREACHABLE_CODE = YES;
				CLANG_WARN__DUPLICATE_METHOD_MATCH = YES;
				"CODE_SIGN_IDENTITY[sdk=iphoneos*]" = "iPhone Developer";
				COPY_PHASE_STRIP = NO;
				DEBUG_INFORMATION_FORMAT = dwarf;
				ENABLE_STRICT_OBJC_MSGSEND = YES;
				ENABLE_TESTABILITY = YES;
				GCC_C_LANGUAGE_STANDARD = gnu99;
				GCC_DYNAMIC_NO_PIC = NO;
				GCC_NO_COMMON_BLOCKS = YES;
				GCC_OPTIMIZATION_LEVEL = 0;
				GCC_PREPROCESSOR_DEFINITIONS = (
					"DEBUG=1",
					"$(inherited)",
				);
				GCC_WARN_64_TO_32_BIT_CONVERSION = YES;
				GCC_WARN_ABOUT_RETURN_TYPE = YES_ERROR;
				GCC_WARN_UNDECLARED_SELECTOR = YES;
				GCC_WARN_UNINITIALIZED_AUTOS = YES_AGGRESSIVE;
				GCC_WARN_UNUSED_FUNCTION = YES;
				GCC_WARN_UNUSED_VARIABLE = YES;
				IPHONEOS_DEPLOYMENT_TARGET = 9.2;
				MTL_ENABLE_DEBUG_INFO = YES;
				ONLY_ACTIVE_ARCH = YES;
				SDKROOT = iphoneos;
				SWIFT_OPTIMIZATION_LEVEL = "-Onone";
				TARGETED_DEVICE_FAMILY = "1,2";
			};
			name = Debug;
		};
		AC0DFE931C92312B00AA6873 /* Release */ = {
			isa = XCBuildConfiguration;
			buildSettings = {
				ALWAYS_SEARCH_USER_PATHS = NO;
				CLANG_CXX_LANGUAGE_STANDARD = "gnu++0x";
				CLANG_CXX_LIBRARY = "libc++";
				CLANG_ENABLE_MODULES = YES;
				CLANG_ENABLE_OBJC_ARC = YES;
				CLANG_WARN_BOOL_CONVERSION = YES;
				CLANG_WARN_CONSTANT_CONVERSION = YES;
				CLANG_WARN_DIRECT_OBJC_ISA_USAGE = YES_ERROR;
				CLANG_WARN_EMPTY_BODY = YES;
				CLANG_WARN_ENUM_CONVERSION = YES;
				CLANG_WARN_INT_CONVERSION = YES;
				CLANG_WARN_OBJC_ROOT_CLASS = YES_ERROR;
				CLANG_WARN_UNREACHABLE_CODE = YES;
				CLANG_WARN__DUPLICATE_METHOD_MATCH = YES;
				"CODE_SIGN_IDENTITY[sdk=iphoneos*]" = "iPhone Developer";
				COPY_PHASE_STRIP = NO;
				DEBUG_INFORMATION_FORMAT = "dwarf-with-dsym";
				ENABLE_NS_ASSERTIONS = NO;
				ENABLE_STRICT_OBJC_MSGSEND = YES;
				GCC_C_LANGUAGE_STANDARD = gnu99;
				GCC_NO_COMMON_BLOCKS = YES;
				GCC_WARN_64_TO_32_BIT_CONVERSION = YES;
				GCC_WARN_ABOUT_RETURN_TYPE = YES_ERROR;
				GCC_WARN_UNDECLARED_SELECTOR = YES;
				GCC_WARN_UNINITIALIZED_AUTOS = YES_AGGRESSIVE;
				GCC_WARN_UNUSED_FUNCTION = YES;
				GCC_WARN_UNUSED_VARIABLE = YES;
				IPHONEOS_DEPLOYMENT_TARGET = 9.2;
				MTL_ENABLE_DEBUG_INFO = NO;
				SDKROOT = iphoneos;
				TARGETED_DEVICE_FAMILY = "1,2";
				VALIDATE_PRODUCT = YES;
			};
			name = Release;
		};
		AC0DFE951C92312B00AA6873 /* Debug */ = {
			isa = XCBuildConfiguration;
			buildSettings = {
				ASSETCATALOG_COMPILER_APPICON_NAME = AppIcon;
				INFOPLIST_FILE = Sonic/Info.plist;
				LD_RUNPATH_SEARCH_PATHS = "$(inherited) @executable_path/Frameworks";
				PRODUCT_BUNDLE_IDENTIFIER = cc.thiago.Sonic;
				PRODUCT_NAME = "$(TARGET_NAME)";
			};
			name = Debug;
		};
		AC0DFE961C92312B00AA6873 /* Release */ = {
			isa = XCBuildConfiguration;
			buildSettings = {
				ASSETCATALOG_COMPILER_APPICON_NAME = AppIcon;
				INFOPLIST_FILE = Sonic/Info.plist;
				LD_RUNPATH_SEARCH_PATHS = "$(inherited) @executable_path/Frameworks";
				PRODUCT_BUNDLE_IDENTIFIER = cc.thiago.Sonic;
				PRODUCT_NAME = "$(TARGET_NAME)";
			};
			name = Release;
		};
		AC0DFE981C92312B00AA6873 /* Debug */ = {
			isa = XCBuildConfiguration;
			buildSettings = {
				BUNDLE_LOADER = "$(TEST_HOST)";
				INFOPLIST_FILE = SonicTests/Info.plist;
				LD_RUNPATH_SEARCH_PATHS = "$(inherited) @executable_path/Frameworks @loader_path/Frameworks";
				PRODUCT_BUNDLE_IDENTIFIER = cc.thiago.SonicTests;
				PRODUCT_NAME = "$(TARGET_NAME)";
				TEST_HOST = "$(BUILT_PRODUCTS_DIR)/Sonic.app/Sonic";
			};
			name = Debug;
		};
		AC0DFE991C92312B00AA6873 /* Release */ = {
			isa = XCBuildConfiguration;
			buildSettings = {
				BUNDLE_LOADER = "$(TEST_HOST)";
				INFOPLIST_FILE = SonicTests/Info.plist;
				LD_RUNPATH_SEARCH_PATHS = "$(inherited) @executable_path/Frameworks @loader_path/Frameworks";
				PRODUCT_BUNDLE_IDENTIFIER = cc.thiago.SonicTests;
				PRODUCT_NAME = "$(TARGET_NAME)";
				TEST_HOST = "$(BUILT_PRODUCTS_DIR)/Sonic.app/Sonic";
			};
			name = Release;
		};
		AC0DFE9B1C92312B00AA6873 /* Debug */ = {
			isa = XCBuildConfiguration;
			buildSettings = {
				INFOPLIST_FILE = SonicUITests/Info.plist;
				LD_RUNPATH_SEARCH_PATHS = "$(inherited) @executable_path/Frameworks @loader_path/Frameworks";
				PRODUCT_BUNDLE_IDENTIFIER = cc.thiago.SonicUITests;
				PRODUCT_NAME = "$(TARGET_NAME)";
				TEST_TARGET_NAME = Sonic;
				USES_XCTRUNNER = YES;
			};
			name = Debug;
		};
		AC0DFE9C1C92312B00AA6873 /* Release */ = {
			isa = XCBuildConfiguration;
			buildSettings = {
				INFOPLIST_FILE = SonicUITests/Info.plist;
				LD_RUNPATH_SEARCH_PATHS = "$(inherited) @executable_path/Frameworks @loader_path/Frameworks";
				PRODUCT_BUNDLE_IDENTIFIER = cc.thiago.SonicUITests;
				PRODUCT_NAME = "$(TARGET_NAME)";
				TEST_TARGET_NAME = Sonic;
				USES_XCTRUNNER = YES;
			};
			name = Release;
		};
/* End XCBuildConfiguration section */

/* Begin XCConfigurationList section */
		AC0DFE671C92312A00AA6873 /* Build configuration list for PBXProject "Sonic" */ = {
			isa = XCConfigurationList;
			buildConfigurations = (
				AC0DFE921C92312B00AA6873 /* Debug */,
				AC0DFE931C92312B00AA6873 /* Release */,
			);
			defaultConfigurationIsVisible = 0;
			defaultConfigurationName = Release;
		};
		AC0DFE941C92312B00AA6873 /* Build configuration list for PBXNativeTarget "Sonic" */ = {
			isa = XCConfigurationList;
			buildConfigurations = (
				AC0DFE951C92312B00AA6873 /* Debug */,
				AC0DFE961C92312B00AA6873 /* Release */,
			);
			defaultConfigurationIsVisible = 0;
		};
		AC0DFE971C92312B00AA6873 /* Build configuration list for PBXNativeTarget "SonicTests" */ = {
			isa = XCConfigurationList;
			buildConfigurations = (
				AC0DFE981C92312B00AA6873 /* Debug */,
				AC0DFE991C92312B00AA6873 /* Release */,
			);
			defaultConfigurationIsVisible = 0;
		};
		AC0DFE9A1C92312B00AA6873 /* Build configuration list for PBXNativeTarget "SonicUITests" */ = {
			isa = XCConfigurationList;
			buildConfigurations = (
				AC0DFE9B1C92312B00AA6873 /* Debug */,
				AC0DFE9C1C92312B00AA6873 /* Release */,
			);
			defaultConfigurationIsVisible = 0;
		};
/* End XCConfigurationList section */
	};
	rootObject = AC0DFE641C92312A00AA6873 /* Project object */;
}
